// !$*UTF8*$!
{
	archiveVersion = 1;
	classes = {
	};
	objectVersion = 77;
	objects = {

/* Begin PBXBuildFile section */
		8F684F95ECD4CF91CFF1048E /* Pods_Pragmatic_iOS_Architecture.framework in Frameworks */ = {isa = PBXBuildFile; fileRef = 3B65C381AE3646153A31E3D6 /* Pods_Pragmatic_iOS_Architecture.framework */; };
		A9E922BD4041BDF4E1598D91 /* Pods_Pragmatic_iOS_ArchitectureTests.framework in Frameworks */ = {isa = PBXBuildFile; fileRef = 229D9BEDE92FF68DE6035D5C /* Pods_Pragmatic_iOS_ArchitectureTests.framework */; };
/* End PBXBuildFile section */

/* Begin PBXContainerItemProxy section */
		A02E6D4F2EEC0C37002970BD /* PBXContainerItemProxy */ = {
			isa = PBXContainerItemProxy;
			containerPortal = A02E6D362EEC0C34002970BD /* Project object */;
			proxyType = 1;
			remoteGlobalIDString = A02E6D3D2EEC0C34002970BD;
			remoteInfo = "Pragmatic-iOS-Architecture";
		};
/* End PBXContainerItemProxy section */

/* Begin PBXFileReference section */
		153778132984EE646B9B3163 /* Pods-Pragmatic-iOS-Architecture-Pragmatic-iOS-ArchitectureUITests.release.xcconfig */ = {isa = PBXFileReference; includeInIndex = 1; lastKnownFileType = text.xcconfig; name = "Pods-Pragmatic-iOS-Architecture-Pragmatic-iOS-ArchitectureUITests.release.xcconfig"; path = "Target Support Files/Pods-Pragmatic-iOS-Architecture-Pragmatic-iOS-ArchitectureUITests/Pods-Pragmatic-iOS-Architecture-Pragmatic-iOS-ArchitectureUITests.release.xcconfig"; sourceTree = "<group>"; };
		1B284DAE1714FDB423505952 /* Pods-Pragmatic-iOS-ArchitectureTests.debug.xcconfig */ = {isa = PBXFileReference; includeInIndex = 1; lastKnownFileType = text.xcconfig; name = "Pods-Pragmatic-iOS-ArchitectureTests.debug.xcconfig"; path = "Target Support Files/Pods-Pragmatic-iOS-ArchitectureTests/Pods-Pragmatic-iOS-ArchitectureTests.debug.xcconfig"; sourceTree = "<group>"; };
		229D9BEDE92FF68DE6035D5C /* Pods_Pragmatic_iOS_ArchitectureTests.framework */ = {isa = PBXFileReference; explicitFileType = wrapper.framework; includeInIndex = 0; path = Pods_Pragmatic_iOS_ArchitectureTests.framework; sourceTree = BUILT_PRODUCTS_DIR; };
		372B4DFA9B01661FA17EF75D /* Pods-Pragmatic-iOS-Architecture-Pragmatic-iOS-ArchitectureUITests.debug.xcconfig */ = {isa = PBXFileReference; includeInIndex = 1; lastKnownFileType = text.xcconfig; name = "Pods-Pragmatic-iOS-Architecture-Pragmatic-iOS-ArchitectureUITests.debug.xcconfig"; path = "Target Support Files/Pods-Pragmatic-iOS-Architecture-Pragmatic-iOS-ArchitectureUITests/Pods-Pragmatic-iOS-Architecture-Pragmatic-iOS-ArchitectureUITests.debug.xcconfig"; sourceTree = "<group>"; };
		3B65C381AE3646153A31E3D6 /* Pods_Pragmatic_iOS_Architecture.framework */ = {isa = PBXFileReference; explicitFileType = wrapper.framework; includeInIndex = 0; path = Pods_Pragmatic_iOS_Architecture.framework; sourceTree = BUILT_PRODUCTS_DIR; };
		5669B0D6F0350389FEE43C50 /* Pods_Pragmatic_iOS_Architecture_Pragmatic_iOS_ArchitectureUITests.framework */ = {isa = PBXFileReference; explicitFileType = wrapper.framework; includeInIndex = 0; path = Pods_Pragmatic_iOS_Architecture_Pragmatic_iOS_ArchitectureUITests.framework; sourceTree = BUILT_PRODUCTS_DIR; };
		7FBED6730BA3378DBD389A13 /* Pods-Pragmatic-iOS-Architecture.release.xcconfig */ = {isa = PBXFileReference; includeInIndex = 1; lastKnownFileType = text.xcconfig; name = "Pods-Pragmatic-iOS-Architecture.release.xcconfig"; path = "Target Support Files/Pods-Pragmatic-iOS-Architecture/Pods-Pragmatic-iOS-Architecture.release.xcconfig"; sourceTree = "<group>"; };
		A02E6D3E2EEC0C34002970BD /* Pragmatic-iOS-Architecture.app */ = {isa = PBXFileReference; explicitFileType = wrapper.application; includeInIndex = 0; path = "Pragmatic-iOS-Architecture.app"; sourceTree = BUILT_PRODUCTS_DIR; };
		A02E6D4E2EEC0C37002970BD /* Pragmatic-iOS-ArchitectureTests.xctest */ = {isa = PBXFileReference; explicitFileType = wrapper.cfbundle; includeInIndex = 0; path = "Pragmatic-iOS-ArchitectureTests.xctest"; sourceTree = BUILT_PRODUCTS_DIR; };
		F290D4C589E647F34D7B5A8E /* Pods-Pragmatic-iOS-Architecture.debug.xcconfig */ = {isa = PBXFileReference; includeInIndex = 1; lastKnownFileType = text.xcconfig; name = "Pods-Pragmatic-iOS-Architecture.debug.xcconfig"; path = "Target Support Files/Pods-Pragmatic-iOS-Architecture/Pods-Pragmatic-iOS-Architecture.debug.xcconfig"; sourceTree = "<group>"; };
		F494910F4E7F5C8D5B1CC63F /* Pods-Pragmatic-iOS-ArchitectureTests.release.xcconfig */ = {isa = PBXFileReference; includeInIndex = 1; lastKnownFileType = text.xcconfig; name = "Pods-Pragmatic-iOS-ArchitectureTests.release.xcconfig"; path = "Target Support Files/Pods-Pragmatic-iOS-ArchitectureTests/Pods-Pragmatic-iOS-ArchitectureTests.release.xcconfig"; sourceTree = "<group>"; };
/* End PBXFileReference section */

/* Begin PBXFileSystemSynchronizedRootGroup section */
		A02E6D402EEC0C34002970BD /* Pragmatic-iOS-Architecture */ = {
			isa = PBXFileSystemSynchronizedRootGroup;
			path = "Pragmatic-iOS-Architecture";
			sourceTree = "<group>";
		};
		A02E6D512EEC0C37002970BD /* Pragmatic-iOS-ArchitectureTests */ = {
			isa = PBXFileSystemSynchronizedRootGroup;
			path = "Pragmatic-iOS-ArchitectureTests";
			sourceTree = "<group>";
		};
/* End PBXFileSystemSynchronizedRootGroup section */

/* Begin PBXFrameworksBuildPhase section */
		A02E6D3B2EEC0C34002970BD /* Frameworks */ = {
			isa = PBXFrameworksBuildPhase;
			buildActionMask = 2147483647;
			files = (
				8F684F95ECD4CF91CFF1048E /* Pods_Pragmatic_iOS_Architecture.framework in Frameworks */,
			);
			runOnlyForDeploymentPostprocessing = 0;
		};
		A02E6D4B2EEC0C37002970BD /* Frameworks */ = {
			isa = PBXFrameworksBuildPhase;
			buildActionMask = 2147483647;
			files = (
				A9E922BD4041BDF4E1598D91 /* Pods_Pragmatic_iOS_ArchitectureTests.framework in Frameworks */,
			);
			runOnlyForDeploymentPostprocessing = 0;
		};
/* End PBXFrameworksBuildPhase section */

/* Begin PBXGroup section */
		84EB51873160555ADCA4F0F7 /* Pods */ = {
			isa = PBXGroup;
			children = (
				F290D4C589E647F34D7B5A8E /* Pods-Pragmatic-iOS-Architecture.debug.xcconfig */,
				7FBED6730BA3378DBD389A13 /* Pods-Pragmatic-iOS-Architecture.release.xcconfig */,
				372B4DFA9B01661FA17EF75D /* Pods-Pragmatic-iOS-Architecture-Pragmatic-iOS-ArchitectureUITests.debug.xcconfig */,
				153778132984EE646B9B3163 /* Pods-Pragmatic-iOS-Architecture-Pragmatic-iOS-ArchitectureUITests.release.xcconfig */,
				1B284DAE1714FDB423505952 /* Pods-Pragmatic-iOS-ArchitectureTests.debug.xcconfig */,
				F494910F4E7F5C8D5B1CC63F /* Pods-Pragmatic-iOS-ArchitectureTests.release.xcconfig */,
			);
			path = Pods;
			sourceTree = "<group>";
		};
		A02E6D352EEC0C34002970BD = {
			isa = PBXGroup;
			children = (
				A02E6D402EEC0C34002970BD /* Pragmatic-iOS-Architecture */,
				A02E6D512EEC0C37002970BD /* Pragmatic-iOS-ArchitectureTests */,
				A02E6D3F2EEC0C34002970BD /* Products */,
				84EB51873160555ADCA4F0F7 /* Pods */,
				B851B687AA04FE293A4F1FE8 /* Frameworks */,
			);
			sourceTree = "<group>";
		};
		A02E6D3F2EEC0C34002970BD /* Products */ = {
			isa = PBXGroup;
			children = (
				A02E6D3E2EEC0C34002970BD /* Pragmatic-iOS-Architecture.app */,
				A02E6D4E2EEC0C37002970BD /* Pragmatic-iOS-ArchitectureTests.xctest */,
			);
			name = Products;
			sourceTree = "<group>";
		};
		B851B687AA04FE293A4F1FE8 /* Frameworks */ = {
			isa = PBXGroup;
			children = (
				3B65C381AE3646153A31E3D6 /* Pods_Pragmatic_iOS_Architecture.framework */,
				5669B0D6F0350389FEE43C50 /* Pods_Pragmatic_iOS_Architecture_Pragmatic_iOS_ArchitectureUITests.framework */,
				229D9BEDE92FF68DE6035D5C /* Pods_Pragmatic_iOS_ArchitectureTests.framework */,
			);
			name = Frameworks;
			sourceTree = "<group>";
		};
/* End PBXGroup section */

/* Begin PBXNativeTarget section */
		A02E6D3D2EEC0C34002970BD /* Pragmatic-iOS-Architecture */ = {
			isa = PBXNativeTarget;
			buildConfigurationList = A02E6D622EEC0C37002970BD /* Build configuration list for PBXNativeTarget "Pragmatic-iOS-Architecture" */;
			buildPhases = (
				CAE143CEEC2A3DD34F321AEE /* [CP] Check Pods Manifest.lock */,
				A02E6D3A2EEC0C34002970BD /* Sources */,
				A02E6D3B2EEC0C34002970BD /* Frameworks */,
				A02E6D3C2EEC0C34002970BD /* Resources */,
				5CD49E6D846BEED446E12D79 /* [CP] Embed Pods Frameworks */,
			);
			buildRules = (
			);
			dependencies = (
			);
			fileSystemSynchronizedGroups = (
				A02E6D402EEC0C34002970BD /* Pragmatic-iOS-Architecture */,
			);
			name = "Pragmatic-iOS-Architecture";
			productName = "Pragmatic-iOS-Architecture";
			productReference = A02E6D3E2EEC0C34002970BD /* Pragmatic-iOS-Architecture.app */;
			productType = "com.apple.product-type.application";
		};
		A02E6D4D2EEC0C37002970BD /* Pragmatic-iOS-ArchitectureTests */ = {
			isa = PBXNativeTarget;
			buildConfigurationList = A02E6D652EEC0C37002970BD /* Build configuration list for PBXNativeTarget "Pragmatic-iOS-ArchitectureTests" */;
			buildPhases = (
				33183696E47CCD96BE5A878D /* [CP] Check Pods Manifest.lock */,
				A02E6D4A2EEC0C37002970BD /* Sources */,
				A02E6D4B2EEC0C37002970BD /* Frameworks */,
				A02E6D4C2EEC0C37002970BD /* Resources */,
			);
			buildRules = (
			);
			dependencies = (
				A02E6D502EEC0C37002970BD /* PBXTargetDependency */,
			);
			fileSystemSynchronizedGroups = (
				A02E6D512EEC0C37002970BD /* Pragmatic-iOS-ArchitectureTests */,
			);
			name = "Pragmatic-iOS-ArchitectureTests";
			productName = "Pragmatic-iOS-ArchitectureTests";
			productReference = A02E6D4E2EEC0C37002970BD /* Pragmatic-iOS-ArchitectureTests.xctest */;
			productType = "com.apple.product-type.bundle.unit-test";
		};
/* End PBXNativeTarget section */

/* Begin PBXProject section */
		A02E6D362EEC0C34002970BD /* Project object */ = {
			isa = PBXProject;
			attributes = {
				BuildIndependentTargetsInParallel = 1;
				LastSwiftUpdateCheck = 1620;
				LastUpgradeCheck = 1620;
				TargetAttributes = {
					A02E6D3D2EEC0C34002970BD = {
						CreatedOnToolsVersion = 16.2;
					};
					A02E6D4D2EEC0C37002970BD = {
						CreatedOnToolsVersion = 16.2;
						LastSwiftMigration = 1620;
						TestTargetID = A02E6D3D2EEC0C34002970BD;
					};
				};
			};
			buildConfigurationList = A02E6D392EEC0C34002970BD /* Build configuration list for PBXProject "Pragmatic-iOS-Architecture" */;
			developmentRegion = en;
			hasScannedForEncodings = 0;
			knownRegions = (
				en,
				Base,
			);
			mainGroup = A02E6D352EEC0C34002970BD;
			minimizedProjectReferenceProxies = 1;
			preferredProjectObjectVersion = 77;
			productRefGroup = A02E6D3F2EEC0C34002970BD /* Products */;
			projectDirPath = "";
			projectRoot = "";
			targets = (
				A02E6D3D2EEC0C34002970BD /* Pragmatic-iOS-Architecture */,
				A02E6D4D2EEC0C37002970BD /* Pragmatic-iOS-ArchitectureTests */,
			);
		};
/* End PBXProject section */

/* Begin PBXResourcesBuildPhase section */
		A02E6D3C2EEC0C34002970BD /* Resources */ = {
			isa = PBXResourcesBuildPhase;
			buildActionMask = 2147483647;
			files = (
			);
			runOnlyForDeploymentPostprocessing = 0;
		};
		A02E6D4C2EEC0C37002970BD /* Resources */ = {
			isa = PBXResourcesBuildPhase;
			buildActionMask = 2147483647;
			files = (
			);
			runOnlyForDeploymentPostprocessing = 0;
		};
/* End PBXResourcesBuildPhase section */

/* Begin PBXShellScriptBuildPhase section */
		33183696E47CCD96BE5A878D /* [CP] Check Pods Manifest.lock */ = {
			isa = PBXShellScriptBuildPhase;
			buildActionMask = 2147483647;
			files = (
			);
			inputFileListPaths = (
			);
			inputPaths = (
				"${PODS_PODFILE_DIR_PATH}/Podfile.lock",
				"${PODS_ROOT}/Manifest.lock",
			);
			name = "[CP] Check Pods Manifest.lock";
			outputFileListPaths = (
			);
			outputPaths = (
				"$(DERIVED_FILE_DIR)/Pods-Pragmatic-iOS-ArchitectureTests-checkManifestLockResult.txt",
			);
			runOnlyForDeploymentPostprocessing = 0;
			shellPath = /bin/sh;
			shellScript = "diff \"${PODS_PODFILE_DIR_PATH}/Podfile.lock\" \"${PODS_ROOT}/Manifest.lock\" > /dev/null\nif [ $? != 0 ] ; then\n    # print error to STDERR\n    echo \"error: The sandbox is not in sync with the Podfile.lock. Run 'pod install' or update your CocoaPods installation.\" >&2\n    exit 1\nfi\n# This output is used by Xcode 'outputs' to avoid re-running this script phase.\necho \"SUCCESS\" > \"${SCRIPT_OUTPUT_FILE_0}\"\n";
			showEnvVarsInLog = 0;
		};
		5CD49E6D846BEED446E12D79 /* [CP] Embed Pods Frameworks */ = {
			isa = PBXShellScriptBuildPhase;
			buildActionMask = 2147483647;
			files = (
			);
			inputFileListPaths = (
				"${PODS_ROOT}/Target Support Files/Pods-Pragmatic-iOS-Architecture/Pods-Pragmatic-iOS-Architecture-frameworks-${CONFIGURATION}-input-files.xcfilelist",
			);
			name = "[CP] Embed Pods Frameworks";
			outputFileListPaths = (
				"${PODS_ROOT}/Target Support Files/Pods-Pragmatic-iOS-Architecture/Pods-Pragmatic-iOS-Architecture-frameworks-${CONFIGURATION}-output-files.xcfilelist",
			);
			runOnlyForDeploymentPostprocessing = 0;
			shellPath = /bin/sh;
			shellScript = "\"${PODS_ROOT}/Target Support Files/Pods-Pragmatic-iOS-Architecture/Pods-Pragmatic-iOS-Architecture-frameworks.sh\"\n";
			showEnvVarsInLog = 0;
		};
		CAE143CEEC2A3DD34F321AEE /* [CP] Check Pods Manifest.lock */ = {
			isa = PBXShellScriptBuildPhase;
			buildActionMask = 2147483647;
			files = (
			);
			inputFileListPaths = (
			);
			inputPaths = (
				"${PODS_PODFILE_DIR_PATH}/Podfile.lock",
				"${PODS_ROOT}/Manifest.lock",
			);
			name = "[CP] Check Pods Manifest.lock";
			outputFileListPaths = (
			);
			outputPaths = (
				"$(DERIVED_FILE_DIR)/Pods-Pragmatic-iOS-Architecture-checkManifestLockResult.txt",
			);
			runOnlyForDeploymentPostprocessing = 0;
			shellPath = /bin/sh;
			shellScript = "diff \"${PODS_PODFILE_DIR_PATH}/Podfile.lock\" \"${PODS_ROOT}/Manifest.lock\" > /dev/null\nif [ $? != 0 ] ; then\n    # print error to STDERR\n    echo \"error: The sandbox is not in sync with the Podfile.lock. Run 'pod install' or update your CocoaPods installation.\" >&2\n    exit 1\nfi\n# This output is used by Xcode 'outputs' to avoid re-running this script phase.\necho \"SUCCESS\" > \"${SCRIPT_OUTPUT_FILE_0}\"\n";
			showEnvVarsInLog = 0;
		};
/* End PBXShellScriptBuildPhase section */

/* Begin PBXSourcesBuildPhase section */
		A02E6D3A2EEC0C34002970BD /* Sources */ = {
			isa = PBXSourcesBuildPhase;
			buildActionMask = 2147483647;
			files = (
			);
			runOnlyForDeploymentPostprocessing = 0;
		};
		A02E6D4A2EEC0C37002970BD /* Sources */ = {
			isa = PBXSourcesBuildPhase;
			buildActionMask = 2147483647;
			files = (
			);
			runOnlyForDeploymentPostprocessing = 0;
		};
/* End PBXSourcesBuildPhase section */

/* Begin PBXTargetDependency section */
		A02E6D502EEC0C37002970BD /* PBXTargetDependency */ = {
			isa = PBXTargetDependency;
			target = A02E6D3D2EEC0C34002970BD /* Pragmatic-iOS-Architecture */;
			targetProxy = A02E6D4F2EEC0C37002970BD /* PBXContainerItemProxy */;
		};
/* End PBXTargetDependency section */

/* Begin XCBuildConfiguration section */
		A02E6D602EEC0C37002970BD /* Debug */ = {
			isa = XCBuildConfiguration;
			buildSettings = {
				ALWAYS_SEARCH_USER_PATHS = NO;
				ASSETCATALOG_COMPILER_GENERATE_SWIFT_ASSET_SYMBOL_EXTENSIONS = YES;
				CLANG_ANALYZER_NONNULL = YES;
				CLANG_ANALYZER_NUMBER_OBJECT_CONVERSION = YES_AGGRESSIVE;
				CLANG_CXX_LANGUAGE_STANDARD = "gnu++20";
				CLANG_ENABLE_MODULES = YES;
				CLANG_ENABLE_OBJC_ARC = YES;
				CLANG_ENABLE_OBJC_WEAK = YES;
				CLANG_WARN_BLOCK_CAPTURE_AUTORELEASING = YES;
				CLANG_WARN_BOOL_CONVERSION = YES;
				CLANG_WARN_COMMA = YES;
				CLANG_WARN_CONSTANT_CONVERSION = YES;
				CLANG_WARN_DEPRECATED_OBJC_IMPLEMENTATIONS = YES;
				CLANG_WARN_DIRECT_OBJC_ISA_USAGE = YES_ERROR;
				CLANG_WARN_DOCUMENTATION_COMMENTS = YES;
				CLANG_WARN_EMPTY_BODY = YES;
				CLANG_WARN_ENUM_CONVERSION = YES;
				CLANG_WARN_INFINITE_RECURSION = YES;
				CLANG_WARN_INT_CONVERSION = YES;
				CLANG_WARN_NON_LITERAL_NULL_CONVERSION = YES;
				CLANG_WARN_OBJC_IMPLICIT_RETAIN_SELF = YES;
				CLANG_WARN_OBJC_LITERAL_CONVERSION = YES;
				CLANG_WARN_OBJC_ROOT_CLASS = YES_ERROR;
				CLANG_WARN_QUOTED_INCLUDE_IN_FRAMEWORK_HEADER = YES;
				CLANG_WARN_RANGE_LOOP_ANALYSIS = YES;
				CLANG_WARN_STRICT_PROTOTYPES = YES;
				CLANG_WARN_SUSPICIOUS_MOVE = YES;
				CLANG_WARN_UNGUARDED_AVAILABILITY = YES_AGGRESSIVE;
				CLANG_WARN_UNREACHABLE_CODE = YES;
				CLANG_WARN__DUPLICATE_METHOD_MATCH = YES;
				COPY_PHASE_STRIP = NO;
				DEBUG_INFORMATION_FORMAT = dwarf;
				ENABLE_STRICT_OBJC_MSGSEND = YES;
				ENABLE_TESTABILITY = YES;
				ENABLE_USER_SCRIPT_SANDBOXING = YES;
				GCC_C_LANGUAGE_STANDARD = gnu17;
				GCC_DYNAMIC_NO_PIC = NO;
				GCC_NO_COMMON_BLOCKS = YES;
				GCC_OPTIMIZATION_LEVEL = 0;
				GCC_PREPROCESSOR_DEFINITIONS = (
					"DEBUG=1",
					"$(inherited)",
				);
				GCC_WARN_64_TO_32_BIT_CONVERSION = YES;
				GCC_WARN_ABOUT_RETURN_TYPE = YES_ERROR;
				GCC_WARN_UNDECLARED_SELECTOR = YES;
				GCC_WARN_UNINITIALIZED_AUTOS = YES_AGGRESSIVE;
				GCC_WARN_UNUSED_FUNCTION = YES;
				GCC_WARN_UNUSED_VARIABLE = YES;
				IPHONEOS_DEPLOYMENT_TARGET = 18.2;
				LOCALIZATION_PREFERS_STRING_CATALOGS = YES;
				MTL_ENABLE_DEBUG_INFO = INCLUDE_SOURCE;
				MTL_FAST_MATH = YES;
				ONLY_ACTIVE_ARCH = YES;
				SDKROOT = iphoneos;
				SWIFT_ACTIVE_COMPILATION_CONDITIONS = "DEBUG $(inherited)";
				SWIFT_OPTIMIZATION_LEVEL = "-Onone";
			};
			name = Debug;
		};
		A02E6D612EEC0C37002970BD /* Release */ = {
			isa = XCBuildConfiguration;
			buildSettings = {
				ALWAYS_SEARCH_USER_PATHS = NO;
				ASSETCATALOG_COMPILER_GENERATE_SWIFT_ASSET_SYMBOL_EXTENSIONS = YES;
				CLANG_ANALYZER_NONNULL = YES;
				CLANG_ANALYZER_NUMBER_OBJECT_CONVERSION = YES_AGGRESSIVE;
				CLANG_CXX_LANGUAGE_STANDARD = "gnu++20";
				CLANG_ENABLE_MODULES = YES;
				CLANG_ENABLE_OBJC_ARC = YES;
				CLANG_ENABLE_OBJC_WEAK = YES;
				CLANG_WARN_BLOCK_CAPTURE_AUTORELEASING = YES;
				CLANG_WARN_BOOL_CONVERSION = YES;
				CLANG_WARN_COMMA = YES;
				CLANG_WARN_CONSTANT_CONVERSION = YES;
				CLANG_WARN_DEPRECATED_OBJC_IMPLEMENTATIONS = YES;
				CLANG_WARN_DIRECT_OBJC_ISA_USAGE = YES_ERROR;
				CLANG_WARN_DOCUMENTATION_COMMENTS = YES;
				CLANG_WARN_EMPTY_BODY = YES;
				CLANG_WARN_ENUM_CONVERSION = YES;
				CLANG_WARN_INFINITE_RECURSION = YES;
				CLANG_WARN_INT_CONVERSION = YES;
				CLANG_WARN_NON_LITERAL_NULL_CONVERSION = YES;
				CLANG_WARN_OBJC_IMPLICIT_RETAIN_SELF = YES;
				CLANG_WARN_OBJC_LITERAL_CONVERSION = YES;
				CLANG_WARN_OBJC_ROOT_CLASS = YES_ERROR;
				CLANG_WARN_QUOTED_INCLUDE_IN_FRAMEWORK_HEADER = YES;
				CLANG_WARN_RANGE_LOOP_ANALYSIS = YES;
				CLANG_WARN_STRICT_PROTOTYPES = YES;
				CLANG_WARN_SUSPICIOUS_MOVE = YES;
				CLANG_WARN_UNGUARDED_AVAILABILITY = YES_AGGRESSIVE;
				CLANG_WARN_UNREACHABLE_CODE = YES;
				CLANG_WARN__DUPLICATE_METHOD_MATCH = YES;
				COPY_PHASE_STRIP = NO;
				DEBUG_INFORMATION_FORMAT = "dwarf-with-dsym";
				ENABLE_NS_ASSERTIONS = NO;
				ENABLE_STRICT_OBJC_MSGSEND = YES;
				ENABLE_USER_SCRIPT_SANDBOXING = YES;
				GCC_C_LANGUAGE_STANDARD = gnu17;
				GCC_NO_COMMON_BLOCKS = YES;
				GCC_WARN_64_TO_32_BIT_CONVERSION = YES;
				GCC_WARN_ABOUT_RETURN_TYPE = YES_ERROR;
				GCC_WARN_UNDECLARED_SELECTOR = YES;
				GCC_WARN_UNINITIALIZED_AUTOS = YES_AGGRESSIVE;
				GCC_WARN_UNUSED_FUNCTION = YES;
				GCC_WARN_UNUSED_VARIABLE = YES;
				IPHONEOS_DEPLOYMENT_TARGET = 18.2;
				LOCALIZATION_PREFERS_STRING_CATALOGS = YES;
				MTL_ENABLE_DEBUG_INFO = NO;
				MTL_FAST_MATH = YES;
				SDKROOT = iphoneos;
				SWIFT_COMPILATION_MODE = wholemodule;
				VALIDATE_PRODUCT = YES;
			};
			name = Release;
		};
		A02E6D632EEC0C37002970BD /* Debug */ = {
			isa = XCBuildConfiguration;
			baseConfigurationReference = F290D4C589E647F34D7B5A8E /* Pods-Pragmatic-iOS-Architecture.debug.xcconfig */;
			buildSettings = {
				ASSETCATALOG_COMPILER_APPICON_NAME = AppIcon;
				ASSETCATALOG_COMPILER_GLOBAL_ACCENT_COLOR_NAME = AccentColor;
				CODE_SIGN_STYLE = Automatic;
				CURRENT_PROJECT_VERSION = 1;
				DEVELOPMENT_ASSET_PATHS = "\"Pragmatic-iOS-Architecture/Preview Content\"";
				DEVELOPMENT_TEAM = KCZ9U3V7VQ;
				ENABLE_PREVIEWS = YES;
				ENABLE_USER_SCRIPT_SANDBOXING = NO;
				GENERATE_INFOPLIST_FILE = YES;
				INFOPLIST_KEY_UIApplicationSceneManifest_Generation = YES;
				INFOPLIST_KEY_UIApplicationSupportsIndirectInputEvents = YES;
				INFOPLIST_KEY_UILaunchScreen_Generation = YES;
				INFOPLIST_KEY_UISupportedInterfaceOrientations_iPad = "UIInterfaceOrientationPortrait UIInterfaceOrientationPortraitUpsideDown UIInterfaceOrientationLandscapeLeft UIInterfaceOrientationLandscapeRight";
				INFOPLIST_KEY_UISupportedInterfaceOrientations_iPhone = "UIInterfaceOrientationPortrait UIInterfaceOrientationLandscapeLeft UIInterfaceOrientationLandscapeRight";
				LD_RUNPATH_SEARCH_PATHS = (
					"$(inherited)",
					"@executable_path/Frameworks",
				);
				MARKETING_VERSION = 1.0;
				PRODUCT_BUNDLE_IDENTIFIER = "id.ios.rajaongkirios.Pragmatic-iOS-Architecture";
				PRODUCT_NAME = "$(TARGET_NAME)";
				SWIFT_EMIT_LOC_STRINGS = YES;
				SWIFT_VERSION = 5.0;
				TARGETED_DEVICE_FAMILY = "1,2";
			};
			name = Debug;
		};
		A02E6D642EEC0C37002970BD /* Release */ = {
			isa = XCBuildConfiguration;
			baseConfigurationReference = 7FBED6730BA3378DBD389A13 /* Pods-Pragmatic-iOS-Architecture.release.xcconfig */;
			buildSettings = {
				ASSETCATALOG_COMPILER_APPICON_NAME = AppIcon;
				ASSETCATALOG_COMPILER_GLOBAL_ACCENT_COLOR_NAME = AccentColor;
				CODE_SIGN_STYLE = Automatic;
				CURRENT_PROJECT_VERSION = 1;
				DEVELOPMENT_ASSET_PATHS = "\"Pragmatic-iOS-Architecture/Preview Content\"";
				DEVELOPMENT_TEAM = KCZ9U3V7VQ;
				ENABLE_PREVIEWS = YES;
				ENABLE_USER_SCRIPT_SANDBOXING = NO;
				GENERATE_INFOPLIST_FILE = YES;
				INFOPLIST_KEY_UIApplicationSceneManifest_Generation = YES;
				INFOPLIST_KEY_UIApplicationSupportsIndirectInputEvents = YES;
				INFOPLIST_KEY_UILaunchScreen_Generation = YES;
				INFOPLIST_KEY_UISupportedInterfaceOrientations_iPad = "UIInterfaceOrientationPortrait UIInterfaceOrientationPortraitUpsideDown UIInterfaceOrientationLandscapeLeft UIInterfaceOrientationLandscapeRight";
				INFOPLIST_KEY_UISupportedInterfaceOrientations_iPhone = "UIInterfaceOrientationPortrait UIInterfaceOrientationLandscapeLeft UIInterfaceOrientationLandscapeRight";
				LD_RUNPATH_SEARCH_PATHS = (
					"$(inherited)",
					"@executable_path/Frameworks",
				);
				MARKETING_VERSION = 1.0;
				PRODUCT_BUNDLE_IDENTIFIER = "id.ios.rajaongkirios.Pragmatic-iOS-Architecture";
				PRODUCT_NAME = "$(TARGET_NAME)";
				SWIFT_EMIT_LOC_STRINGS = YES;
				SWIFT_VERSION = 5.0;
				TARGETED_DEVICE_FAMILY = "1,2";
			};
			name = Release;
		};
		A02E6D662EEC0C37002970BD /* Debug */ = {
			isa = XCBuildConfiguration;
			baseConfigurationReference = 1B284DAE1714FDB423505952 /* Pods-Pragmatic-iOS-ArchitectureTests.debug.xcconfig */;
			buildSettings = {
				BUNDLE_LOADER = "$(TEST_HOST)";
				CLANG_ENABLE_MODULES = YES;
				CODE_SIGN_STYLE = Automatic;
				CURRENT_PROJECT_VERSION = 1;
				DEVELOPMENT_TEAM = KCZ9U3V7VQ;
				ENABLE_USER_SCRIPT_SANDBOXING = NO;
				GENERATE_INFOPLIST_FILE = YES;
				IPHONEOS_DEPLOYMENT_TARGET = 18.2;
				MARKETING_VERSION = 1.0;
				PRODUCT_BUNDLE_IDENTIFIER = "id.ios.rajaongkirios.Pragmatic-iOS-ArchitectureTests";
				PRODUCT_NAME = "$(TARGET_NAME)";
				SWIFT_EMIT_LOC_STRINGS = NO;
				SWIFT_OPTIMIZATION_LEVEL = "-Onone";
				SWIFT_VERSION = 5.0;
				TARGETED_DEVICE_FAMILY = "1,2";
				TEST_HOST = "$(BUILT_PRODUCTS_DIR)/Pragmatic-iOS-Architecture.app/$(BUNDLE_EXECUTABLE_FOLDER_PATH)/Pragmatic-iOS-Architecture";
			};
			name = Debug;
		};
		A02E6D672EEC0C37002970BD /* Release */ = {
			isa = XCBuildConfiguration;
			baseConfigurationReference = F494910F4E7F5C8D5B1CC63F /* Pods-Pragmatic-iOS-ArchitectureTests.release.xcconfig */;
			buildSettings = {
				BUNDLE_LOADER = "$(TEST_HOST)";
				CLANG_ENABLE_MODULES = YES;
				CODE_SIGN_STYLE = Automatic;
				CURRENT_PROJECT_VERSION = 1;
				DEVELOPMENT_TEAM = KCZ9U3V7VQ;
				ENABLE_USER_SCRIPT_SANDBOXING = NO;
				GENERATE_INFOPLIST_FILE = YES;
				IPHONEOS_DEPLOYMENT_TARGET = 18.2;
				MARKETING_VERSION = 1.0;
				PRODUCT_BUNDLE_IDENTIFIER = "id.ios.rajaongkirios.Pragmatic-iOS-ArchitectureTests";
				PRODUCT_NAME = "$(TARGET_NAME)";
				SWIFT_EMIT_LOC_STRINGS = NO;
				SWIFT_VERSION = 5.0;
				TARGETED_DEVICE_FAMILY = "1,2";
				TEST_HOST = "$(BUILT_PRODUCTS_DIR)/Pragmatic-iOS-Architecture.app/$(BUNDLE_EXECUTABLE_FOLDER_PATH)/Pragmatic-iOS-Architecture";
			};
			name = Release;
		};
/* End XCBuildConfiguration section */

/* Begin XCConfigurationList section */
		A02E6D392EEC0C34002970BD /* Build configuration list for PBXProject "Pragmatic-iOS-Architecture" */ = {
			isa = XCConfigurationList;
			buildConfigurations = (
				A02E6D602EEC0C37002970BD /* Debug */,
				A02E6D612EEC0C37002970BD /* Release */,
			);
			defaultConfigurationIsVisible = 0;
			defaultConfigurationName = Release;
		};
		A02E6D622EEC0C37002970BD /* Build configuration list for PBXNativeTarget "Pragmatic-iOS-Architecture" */ = {
			isa = XCConfigurationList;
			buildConfigurations = (
				A02E6D632EEC0C37002970BD /* Debug */,
				A02E6D642EEC0C37002970BD /* Release */,
			);
			defaultConfigurationIsVisible = 0;
			defaultConfigurationName = Release;
		};
		A02E6D652EEC0C37002970BD /* Build configuration list for PBXNativeTarget "Pragmatic-iOS-ArchitectureTests" */ = {
			isa = XCConfigurationList;
			buildConfigurations = (
				A02E6D662EEC0C37002970BD /* Debug */,
				A02E6D672EEC0C37002970BD /* Release */,
			);
			defaultConfigurationIsVisible = 0;
			defaultConfigurationName = Release;
		};
/* End XCConfigurationList section */
	};
	rootObject = A02E6D362EEC0C34002970BD /* Project object */;
}
